
Microsoft Visual Studio Solution File, Format Version 12.00
# Visual Studio Version 17
VisualStudioVersion = 17.4.33006.217
MinimumVisualStudioVersion = 10.0.40219.1
Project("{FAE04EC0-301F-11D3-BF4B-00C04F79EFBC}") = "ExampleGUI", "..\..\..\Downloads\ExampleGUI.csproj", "{5A504C32-BB58-4ED5-A367-ECC255D8B171}"
EndProject
Global
	GlobalSection(SolutionConfigurationPlatforms) = preSolution
		Debug|Any CPU = Debug|Any CPU
		Release|Any CPU = Release|Any CPU
	EndGlobalSection
	GlobalSection(ProjectConfigurationPlatforms) = postSolution
		{5A504C32-BB58-4ED5-A367-ECC255D8B171}.Debug|Any CPU.ActiveCfg = Debug|Any CPU
		{5A504C32-BB58-4ED5-A367-ECC255D8B171}.Debug|Any CPU.Build.0 = Debug|Any CPU
		{5A504C32-BB58-4ED5-A367-ECC255D8B171}.Release|Any CPU.ActiveCfg = Release|Any CPU
		{5A504C32-BB58-4ED5-A367-ECC255D8B171}.Release|Any CPU.Build.0 = Release|Any CPU
	EndGlobalSection
	GlobalSection(SolutionProperties) = preSolution
		HideSolutionNode = FALSE
	EndGlobalSection
	GlobalSection(ExtensibilityGlobals) = postSolution
		SolutionGuid = {0693DB27-B22C-4212-A5ED-80E9E3C3F523}
	EndGlobalSection
EndGlobal
